PODS:
  - AFNetworking (2.6.0):
    - AFNetworking/NSURLConnection (= 2.6.0)
    - AFNetworking/NSURLSession (= 2.6.0)
    - AFNetworking/Reachability (= 2.6.0)
    - AFNetworking/Security (= 2.6.0)
    - AFNetworking/Serialization (= 2.6.0)
    - AFNetworking/UIKit (= 2.6.0)
  - AFNetworking/NSURLConnection (2.6.0):
    - AFNetworking/Reachability
    - AFNetworking/Security
    - AFNetworking/Serialization
  - AFNetworking/NSURLSession (2.6.0):
    - AFNetworking/Reachability
    - AFNetworking/Security
    - AFNetworking/Serialization
  - AFNetworking/Reachability (2.6.0)
  - AFNetworking/Security (2.6.0)
  - AFNetworking/Serialization (2.6.0)
  - AFNetworking/UIKit (2.6.0):
    - AFNetworking/NSURLConnection
    - AFNetworking/NSURLSession
  - JSONKit (1.6)

DEPENDENCIES:
  - AFNetworking
  - JSONKit (from `https://gist.github.com/marcdown/5282955/raw/2a52cfd92f112f2a52669420c82c1bb1efd15d2a/JSONKit.podspec`)

EXTERNAL SOURCES:
  JSONKit:
    :podspec: https://gist.github.com/marcdown/5282955/raw/2a52cfd92f112f2a52669420c82c1bb1efd15d2a/JSONKit.podspec

CHECKOUT OPTIONS:
  JSONKit:
    :commit: d1f06b1ede56ceaee4309076abd7d22fb3d82b71
    :git: https://github.com/creativemess/JSONKit.git

SPEC CHECKSUMS:
  AFNetworking: 79f7eb1a0fcfa7beb409332b2ca49afe9ce53b05
  JSONKit: dfd58a3fd9f7e38a01011759163ab548c2c82a45

COCOAPODS: 0.39.0
